---
lockfileVersion: '9.0'

importers:

  .:
    configDependencies: {}
    packageManagerDependencies:
      '@pnpm/exe':
        specifier: 11.19.0
        version: 11.19.0
      pnpm:
        specifier: 11.19.0
        version: 11.19.0

packages:

  '@pnpm/exe@11.19.0':
    resolution: {integrity: sha512-P1mw8BZaNkEpttlyzKsxTj7PVs94bMB4cQ8pJhgbrCTSBP7xCzKS3VlOwIInS7aS5by6KAbfO5Vs9yK/ekugrg==}
    hasBin: true

  '@pnpm/linux-arm64@11.19.0':
    resolution: {integrity: sha512-c5AJqnsj0BMqMCOtctOzsCqyfY+afFe1kdM9F2FrNhYwtnQRMHoJy+51qfee4yuTPOVRyk3Yh1dwvyAadiznvA==}
    cpu: [arm64]
    os: [linux]

  '@pnpm/linux-x64@11.19.0':
    resolution: {integrity: sha512-KOKpA9o75SvmRQgWO+EqEpQzJg1b9uHk5y61PAx90sSpdYtKDPua2eBXBglzv8YK1xM3DsYXFEf7Scs+3HeDsA==}
    cpu: [x64]
    os: [linux]

  '@pnpm/linuxstatic-arm64@11.19.0':
    resolution: {integrity: sha512-Ci9WxgCInZc3F43R6BfaHevi+dYqaI5CLi6421egFsK649eHvYPytvu+zABhTNlYGNJbD8j9w+AUYInz/TPsyQ==}
    cpu: [arm64]
    os: [linux]
    libc: [musl]

  '@pnpm/linuxstatic-x64@11.19.0':
    resolution: {integrity: sha512-GNMk96vNJ4uEWigekarjHofXNDFsTYRL0Mw2YlDkv/W+u0cn/UAVPHfd5aAfsf6Arel2ZQfxPUTXlpunFujWnA==}
    cpu: [x64]
    os: [linux]
    libc: [musl]

  '@pnpm/macos-arm64@11.19.0':
    resolution: {integrity: sha512-I3Ee/GQlPxEOeBSzqxBNwcTHxVebjMiN2xLdTBS6OK2TAPzbWMIExjU5brxhr8rAk73p7mbv/a/2tFC/3gl6FA==}
    cpu: [arm64]
    os: [darwin]

  '@pnpm/win-arm64@11.19.0':
    resolution: {integrity: sha512-rOiWuJ9wjaFY9ZDVPGVjpvjIQHZNB72rioxvuyzDKJ7dqKQ97VF27a4rmOtjhMB5u83cdDGEJ+OY+H1+TP+frw==}
    cpu: [arm64]
    os: [win32]

  '@pnpm/win-x64@11.19.0':
    resolution: {integrity: sha512-l26XeTxoGxfU+mVcZ5jFdP9hNe5yrOlLPSkAlwwpXPI1iyyU4JUSxm6Jdyxu1UAU1FerD/BvLK2vrlR6d9ogag==}
    cpu: [x64]
    os: [win32]

  '@reflink/reflink-darwin-arm64@0.1.19':
    resolution: {integrity: sha512-ruy44Lpepdk1FqDz38vExBY/PVUsjxZA+chd9wozjUH9JjuDT/HEaQYA6wYN9mf041l0yLVar6BCZuWABJvHSA==}
    engines: {node: '>= 10'}
    cpu: [arm64]
    os: [darwin]

  '@reflink/reflink-darwin-x64@0.1.19':
    resolution: {integrity: sha512-By85MSWrMZa+c26TcnAy8SDk0sTUkYlNnwknSchkhHpGXOtjNDUOxJE9oByBnGbeuIE1PiQsxDG3Ud+IVV9yuA==}
    engines: {node: '>= 10'}
    cpu: [x64]
    os: [darwin]

  '@reflink/reflink-linux-arm64-gnu@0.1.19':
    resolution: {integrity: sha512-7P+er8+rP9iNeN+bfmccM4hTAaLP6PQJPKWSA4iSk2bNvo6KU6RyPgYeHxXmzNKzPVRcypZQTpFgstHam6maVg==}
    engines: {node: '>= 10'}
    cpu: [arm64]
    os: [linux]
    libc: [glibc]

  '@reflink/reflink-linux-arm64-musl@0.1.19':
    resolution: {integrity: sha512-37iO/Dp6m5DDaC2sf3zPtx/hl9FV3Xze4xoYidrxxS9bgP3S8ALroxRK6xBG/1TtfXKTvolvp+IjrUU6ujIGmA==}
    engines: {node: '>= 10'}
    cpu: [arm64]
    os: [linux]
    libc: [musl]

  '@reflink/reflink-linux-x64-gnu@0.1.19':
    resolution: {integrity: sha512-jbI8jvuYCaA3MVUdu8vLoLAFqC+iNMpiSuLbxlAgg7x3K5bsS8nOpTRnkLF7vISJ+rVR8W+7ThXlXlUQ93ulkw==}
    engines: {node: '>= 10'}
    cpu: [x64]
    os: [linux]
    libc: [glibc]

  '@reflink/reflink-linux-x64-musl@0.1.19':
    resolution: {integrity: sha512-e9FBWDe+lv7QKAwtKOt6A2W/fyy/aEEfr0g6j/hWzvQcrzHCsz07BNQYlNOjTfeytrtLU7k449H1PI95jA4OjQ==}
    engines: {node: '>= 10'}
    cpu: [x64]
    os: [linux]
    libc: [musl]

  '@reflink/reflink-win32-arm64-msvc@0.1.19':
    resolution: {integrity: sha512-09PxnVIQcd+UOn4WAW73WU6PXL7DwGS6wPlkMhMg2zlHHG65F3vHepOw06HFCq+N42qkaNAc8AKIabWvtk6cIQ==}
    engines: {node: '>= 10'}
    cpu: [arm64]
    os: [win32]

  '@reflink/reflink-win32-x64-msvc@0.1.19':
    resolution: {integrity: sha512-E//yT4ni2SyhwP8JRjVGWr3cbnhWDiPLgnQ66qqaanjjnMiu3O/2tjCPQXlcGc/DEYofpDc9fvhv6tALQsMV9w==}
    engines: {node: '>= 10'}
    cpu: [x64]
    os: [win32]

  '@reflink/reflink@0.1.19':
    resolution: {integrity: sha512-DmCG8GzysnCZ15bres3N5AHCmwBwYgp0As6xjhQ47rAUTUXxJiK+lLUxaGsX3hd/30qUpVElh05PbGuxRPgJwA==}
    engines: {node: '>= 10'}

  detect-libc@2.1.2:
    resolution: {integrity: sha512-Btj2BOOO83o3WyH59e8MgXsxEQVcarkUOpEYrubB0urwnN10yQ364rsiByU11nZlqWYZm05i/of7io4mzihBtQ==}
    engines: {node: '>=8'}

  pnpm@11.19.0:
    resolution: {integrity: sha512-eIHz7VkNRyxKlV4riLISF5ERYGbcyIy8o4SeybYPG7qm0syyIfqR2k4cZb7yvL43k2Wup6xTnHv4be3DobItzg==}
    engines: {node: '>=22.13'}
    hasBin: true

snapshots:

  '@pnpm/exe@11.19.0':
    dependencies:
      '@reflink/reflink': 0.1.19
      detect-libc: 2.1.2
    optionalDependencies:
      '@pnpm/linux-arm64': 11.19.0
      '@pnpm/linux-x64': 11.19.0
      '@pnpm/linuxstatic-arm64': 11.19.0
      '@pnpm/linuxstatic-x64': 11.19.0
      '@pnpm/macos-arm64': 11.19.0
      '@pnpm/win-arm64': 11.19.0
      '@pnpm/win-x64': 11.19.0

  '@pnpm/linux-arm64@11.19.0':
    optional: true

  '@pnpm/linux-x64@11.19.0':
    optional: true

  '@pnpm/linuxstatic-arm64@11.19.0':
    optional: true

  '@pnpm/linuxstatic-x64@11.19.0':
    optional: true

  '@pnpm/macos-arm64@11.19.0':
    optional: true

  '@pnpm/win-arm64@11.19.0':
    optional: true

  '@pnpm/win-x64@11.19.0':
    optional: true

  '@reflink/reflink-darwin-arm64@0.1.19':
    optional: true

  '@reflink/reflink-darwin-x64@0.1.19':
    optional: true

  '@reflink/reflink-linux-arm64-gnu@0.1.19':
    optional: true

  '@reflink/reflink-linux-arm64-musl@0.1.19':
    optional: true

  '@reflink/reflink-linux-x64-gnu@0.1.19':
    optional: true

  '@reflink/reflink-linux-x64-musl@0.1.19':
    optional: true

  '@reflink/reflink-win32-arm64-msvc@0.1.19':
    optional: true

  '@reflink/reflink-win32-x64-msvc@0.1.19':
    optional: true

  '@reflink/reflink@0.1.19':
    optionalDependencies:
      '@reflink/reflink-darwin-arm64': 0.1.19
      '@reflink/reflink-darwin-x64': 0.1.19
      '@reflink/reflink-linux-arm64-gnu': 0.1.19
      '@reflink/reflink-linux-arm64-musl': 0.1.19
      '@reflink/reflink-linux-x64-gnu': 0.1.19
      '@reflink/reflink-linux-x64-musl': 0.1.19
      '@reflink/reflink-win32-arm64-msvc': 0.1.19
      '@reflink/reflink-win32-x64-msvc': 0.1.19

  detect-libc@2.1.2: {}

  pnpm@11.19.0: {}

---
lockfileVersion: '9.0'

settings:
  autoInstallPeers: true
  excludeLinksFromLockfile: false

importers:

  .:
    devDependencies:
      only-allow:
        specifier: ^1.2.2
        version: 1.2.2
      prettier:
        specifier: ~3.3.3
        version: 3.3.3

packages:

  only-allow@1.2.2:
    resolution: {integrity: sha512-uxyNYDsCh5YIJ780G7hC5OHjVUr9reHsbZNMM80L9tZlTpb3hUzb36KXgW4ZUGtJKQnGA3xegmWg1BxhWV0jJA==}
    hasBin: true

  prettier@3.3.3:
    resolution: {integrity: sha512-i2tDNA0O5IrMO757lfrdQZCc2jPNDVntV0m/+4whiDfWaTKfMNgR7Qz0NAeGz/nRqF4m5/6CLzbP4/liHt12Ew==}
    engines: {node: '>=14'}
    hasBin: true

  which-pm-runs@1.1.0:
    resolution: {integrity: sha512-n1brCuqClxfFfq/Rb0ICg9giSZqCS+pLtccdag6C2HyufBrh3fBOiy9nb6ggRMvWOVH5GrdJskj5iGTZNxd7SA==}
    engines: {node: '>=4'}

snapshots:

  only-allow@1.2.2:
    dependencies:
      which-pm-runs: 1.1.0

  prettier@3.3.3: {}

  which-pm-runs@1.1.0: {}
